
Microsoft Visual Studio Solution File, Format Version 12.00
# Visual Studio Version 17
VisualStudioVersion = 17.0.31903.59
MinimumVisualStudioVersion = 10.0.40219.1
Project("{FAE04EC0-301F-11D3-BF4B-00C04F79EFBC}") = "Auctions.WebApi", "Auctions.WebApi.csproj", "{6A4D7CA1-C140-477B-AAFE-B8143E90089C}"
EndProject
Project("{FAE04EC0-301F-11D3-BF4B-00C04F79EFBC}") = "AuctionsTest", "..\AuctionsWebapiTest\AuctionsTest.csproj", "{F8ED0878-8A86-488D-BDFB-147D2A66021A}"
EndProject
Global
	GlobalSection(SolutionConfigurationPlatforms) = preSolution
		Debug|Any CPU = Debug|Any CPU
		Release|Any CPU = Release|Any CPU
	EndGlobalSection
	GlobalSection(SolutionProperties) = preSolution
		HideSolutionNode = FALSE
	EndGlobalSection
	GlobalSection(ProjectConfigurationPlatforms) = postSolution
		{6A4D7CA1-C140-477B-AAFE-B8143E90089C}.Debug|Any CPU.ActiveCfg = Debug|Any CPU
		{6A4D7CA1-C140-477B-AAFE-B8143E90089C}.Debug|Any CPU.Build.0 = Debug|Any CPU
		{6A4D7CA1-C140-477B-AAFE-B8143E90089C}.Release|Any CPU.ActiveCfg = Release|Any CPU
		{6A4D7CA1-C140-477B-AAFE-B8143E90089C}.Release|Any CPU.Build.0 = Release|Any CPU
		{F8ED0878-8A86-488D-BDFB-147D2A66021A}.Debug|Any CPU.ActiveCfg = Debug|Any CPU
		{F8ED0878-8A86-488D-BDFB-147D2A66021A}.Debug|Any CPU.Build.0 = Debug|Any CPU
		{F8ED0878-8A86-488D-BDFB-147D2A66021A}.Release|Any CPU.ActiveCfg = Release|Any CPU
		{F8ED0878-8A86-488D-BDFB-147D2A66021A}.Release|Any CPU.Build.0 = Release|Any CPU
	EndGlobalSection
EndGlobal
